
Microsoft Visual Studio Solution File, Format Version 11.00
# Visual C++ Express 2010
Project("{8BC9CEB8-8B4A-11D0-8D11-00A0C91BC942}") = "String Functions", "String Functions\String Functions.vcxproj", "{6AF04133-B1C0-467A-857B-63A372604EA1}"
EndProject
Global
	GlobalSection(SolutionConfigurationPlatforms) = preSolution
		Debug|Win32 = Debug|Win32
		Release|Win32 = Release|Win32
	EndGlobalSection
	GlobalSection(ProjectConfigurationPlatforms) = postSolution
		{6AF04133-B1C0-467A-857B-63A372604EA1}.Debug|Win32.ActiveCfg = Debug|Win32
		{6AF04133-B1C0-467A-857B-63A372604EA1}.Debug|Win32.Build.0 = Debug|Win32
		{6AF04133-B1C0-467A-857B-63A372604EA1}.Release|Win32.ActiveCfg = Release|Win32
		{6AF04133-B1C0-467A-857B-63A372604EA1}.Release|Win32.Build.0 = Release|Win32
	EndGlobalSection
	GlobalSection(SolutionProperties) = preSolution
		HideSolutionNode = FALSE
	EndGlobalSection
EndGlobal
